
Microsoft Visual Studio Solution File, Format Version 12.00
# Visual Studio 15
VisualStudioVersion = 15.0.28307.572
MinimumVisualStudioVersion = 10.0.40219.1
Project("{FAE04EC0-301F-11D3-BF4B-00C04F79EFBC}") = "Dribbly.Web", "Dribbly.Web\Dribbly.Web.csproj", "{777D7614-0456-4611-B12F-1DD3C3B1642E}"
EndProject
Global
	GlobalSection(SolutionConfigurationPlatforms) = preSolution
		Debug|Any CPU = Debug|Any CPU
		Release|Any CPU = Release|Any CPU
	EndGlobalSection
	GlobalSection(ProjectConfigurationPlatforms) = postSolution
		{777D7614-0456-4611-B12F-1DD3C3B1642E}.Debug|Any CPU.ActiveCfg = Debug|Any CPU
		{777D7614-0456-4611-B12F-1DD3C3B1642E}.Debug|Any CPU.Build.0 = Debug|Any CPU
		{777D7614-0456-4611-B12F-1DD3C3B1642E}.Release|Any CPU.ActiveCfg = Release|Any CPU
		{777D7614-0456-4611-B12F-1DD3C3B1642E}.Release|Any CPU.Build.0 = Release|Any CPU
	EndGlobalSection
	GlobalSection(SolutionProperties) = preSolution
		HideSolutionNode = FALSE
	EndGlobalSection
	GlobalSection(ExtensibilityGlobals) = postSolution
		SolutionGuid = {EA5621AC-E933-4559-A0AB-1D5891C9CCC0}
	EndGlobalSection
EndGlobal
