{
  "name": "Dribbly.WebClient",
  "lockfileVersion": 2,
  "requires": true,
  "packages": {
    "": {
      "dependencies": {
        "angularjs-slider": "^7.1.0"
      }
    },
    "node_modules/angular": {
      "version": "1.8.3",
      "resolved": "https://registry.npmjs.org/angular/-/angular-1.8.3.tgz",
      "integrity": "sha512-5qjkWIQQVsHj4Sb5TcEs4WZWpFeVFHXwxEBHUhrny41D8UrBAd6T/6nPPAsLngJCReIOqi95W3mxdveveutpZw==",
      "deprecated": "For the actively supported Angular, see https://www.npmjs.com/package/@angular/core. AngularJS support has officially ended. For extended AngularJS support options, see https://goo.gle/angularjs-path-forward.",
      "peer": true
    },
    "node_modules/angularjs-slider": {
      "version": "7.1.0",
      "resolved": "https://registry.npmjs.org/angularjs-slider/-/angularjs-slider-7.1.0.tgz",
      "integrity": "sha512-BRhd0C+EtrFcyQw2mi0fwOxRl2hayohh/HhtrOB57SmoOrG/q86A0xubrTzVzd3veNBnFywrKFabAtldTUNTzQ==",
      "peerDependencies": {
        "angular": "^1.2.x"
      }
    }
  },
  "dependencies": {
    "angular": {
      "version": "1.8.3",
      "resolved": "https://registry.npmjs.org/angular/-/angular-1.8.3.tgz",
      "integrity": "sha512-5qjkWIQQVsHj4Sb5TcEs4WZWpFeVFHXwxEBHUhrny41D8UrBAd6T/6nPPAsLngJCReIOqi95W3mxdveveutpZw==",
      "peer": true
    },
    "angularjs-slider": {
      "version": "7.1.0",
      "resolved": "https://registry.npmjs.org/angularjs-slider/-/angularjs-slider-7.1.0.tgz",
      "integrity": "sha512-BRhd0C+EtrFcyQw2mi0fwOxRl2hayohh/HhtrOB57SmoOrG/q86A0xubrTzVzd3veNBnFywrKFabAtldTUNTzQ==",
      "requires": {}
    }
  }
}
